
Microsoft Visual Studio Solution File, Format Version 12.00
Project("{2150E333-8FDC-42A3-9474-1A3956D46DE8}") = "src", "src", "{E4C1B221-5B25-4955-84DB-7BBC1D4FD1F3}"
EndProject
Project("{FAE04EC0-301F-11D3-BF4B-00C04F79EFBC}") = "RestaurantService", "src\RestaurantService\RestaurantService.csproj", "{74CD7081-38E9-4917-A56C-B1852F5A0442}"
EndProject
Project("{2150E333-8FDC-42A3-9474-1A3956D46DE8}") = "Application", "Application", "{71E13481-E29B-4F0E-B405-D60CC9C7308F}"
EndProject
Project("{2150E333-8FDC-42A3-9474-1A3956D46DE8}") = "Infrastructure", "Infrastructure", "{9437D992-3085-41D3-9B86-22E634BB1809}"
EndProject
Project("{2150E333-8FDC-42A3-9474-1A3956D46DE8}") = "Presentation", "Presentation", "{5804E8A8-8C25-4A4B-BF25-E0D0C1D51F0A}"
EndProject
Project("{FAE04EC0-301F-11D3-BF4B-00C04F79EFBC}") = "RestaurantService.Application", "src\Application\RestaurantService.Application\RestaurantService.Application.csproj", "{A06CE694-02FE-4F0A-886A-0CA17BEF1097}"
EndProject
Project("{FAE04EC0-301F-11D3-BF4B-00C04F79EFBC}") = "RestaurantService.Application.Abstractions", "src\Application\RestaurantService.Application.Abstractions\RestaurantService.Application.Abstractions.csproj", "{682217EC-CFD3-4BDB-8EB3-E2CFE9DD0C61}"
EndProject
Project("{FAE04EC0-301F-11D3-BF4B-00C04F79EFBC}") = "RestaurantService.Application.Contracts", "src\Application\RestaurantService.Application.Contracts\RestaurantService.Application.Contracts.csproj", "{F9178494-B128-4C81-AB25-3586F43392C9}"
EndProject
Project("{FAE04EC0-301F-11D3-BF4B-00C04F79EFBC}") = "RestaurantService.Application.Models", "src\Application\RestaurantService.Application.Models\RestaurantService.Application.Models.csproj", "{EA43DC09-18FF-4C4F-A9C7-A92F3D7B28E9}"
EndProject
Project("{FAE04EC0-301F-11D3-BF4B-00C04F79EFBC}") = "RestaurantService.Presentation.Grpc", "src\Presentation\RestaurantService.Presentation.Grpc\RestaurantService.Presentation.Grpc.csproj", "{01F6D789-64AE-461C-B9E7-D2528E697F5F}"
EndProject
Project("{FAE04EC0-301F-11D3-BF4B-00C04F79EFBC}") = "RestaurantService.Presentation.Kafka", "src\Presentation\RestaurantService.Presentation.Kafka\RestaurantService.Presentation.Kafka.csproj", "{786F488F-173A-408E-95AB-D8A9CF4CE8F2}"
EndProject
Project("{FAE04EC0-301F-11D3-BF4B-00C04F79EFBC}") = "RestaurantService.Infrastructure.Persistence", "src\Infrastructure\RestaurantService.Infrastructure.Persistence\RestaurantService.Infrastructure.Persistence.csproj", "{2A652222-AD78-4C75-8DD8-5AC8A82FF0FE}"
EndProject
Project("{2150E333-8FDC-42A3-9474-1A3956D46DE8}") = "tests", "tests", "{CB1EF587-F608-475E-9255-342284377CAB}"
EndProject
Project("{FAE04EC0-301F-11D3-BF4B-00C04F79EFBC}") = "RestaurantService.Tests", "tests\RestaurantService.Tests\RestaurantService.Tests.csproj", "{9380DEDA-A4E2-4982-95A8-EC88831D9107}"
EndProject
Global
	GlobalSection(SolutionConfigurationPlatforms) = preSolution
		Debug|Any CPU = Debug|Any CPU
		Release|Any CPU = Release|Any CPU
	EndGlobalSection
	GlobalSection(ProjectConfigurationPlatforms) = postSolution
		{74CD7081-38E9-4917-A56C-B1852F5A0442}.Debug|Any CPU.ActiveCfg = Debug|Any CPU
		{74CD7081-38E9-4917-A56C-B1852F5A0442}.Debug|Any CPU.Build.0 = Debug|Any CPU
		{74CD7081-38E9-4917-A56C-B1852F5A0442}.Release|Any CPU.ActiveCfg = Release|Any CPU
		{74CD7081-38E9-4917-A56C-B1852F5A0442}.Release|Any CPU.Build.0 = Release|Any CPU
		{A06CE694-02FE-4F0A-886A-0CA17BEF1097}.Debug|Any CPU.ActiveCfg = Debug|Any CPU
		{A06CE694-02FE-4F0A-886A-0CA17BEF1097}.Debug|Any CPU.Build.0 = Debug|Any CPU
		{A06CE694-02FE-4F0A-886A-0CA17BEF1097}.Release|Any CPU.ActiveCfg = Release|Any CPU
		{A06CE694-02FE-4F0A-886A-0CA17BEF1097}.Release|Any CPU.Build.0 = Release|Any CPU
		{682217EC-CFD3-4BDB-8EB3-E2CFE9DD0C61}.Debug|Any CPU.ActiveCfg = Debug|Any CPU
		{682217EC-CFD3-4BDB-8EB3-E2CFE9DD0C61}.Debug|Any CPU.Build.0 = Debug|Any CPU
		{682217EC-CFD3-4BDB-8EB3-E2CFE9DD0C61}.Release|Any CPU.ActiveCfg = Release|Any CPU
		{682217EC-CFD3-4BDB-8EB3-E2CFE9DD0C61}.Release|Any CPU.Build.0 = Release|Any CPU
		{F9178494-B128-4C81-AB25-3586F43392C9}.Debug|Any CPU.ActiveCfg = Debug|Any CPU
		{F9178494-B128-4C81-AB25-3586F43392C9}.Debug|Any CPU.Build.0 = Debug|Any CPU
		{F9178494-B128-4C81-AB25-3586F43392C9}.Release|Any CPU.ActiveCfg = Release|Any CPU
		{F9178494-B128-4C81-AB25-3586F43392C9}.Release|Any CPU.Build.0 = Release|Any CPU
		{EA43DC09-18FF-4C4F-A9C7-A92F3D7B28E9}.Debug|Any CPU.ActiveCfg = Debug|Any CPU
		{EA43DC09-18FF-4C4F-A9C7-A92F3D7B28E9}.Debug|Any CPU.Build.0 = Debug|Any CPU
		{EA43DC09-18FF-4C4F-A9C7-A92F3D7B28E9}.Release|Any CPU.ActiveCfg = Release|Any CPU
		{EA43DC09-18FF-4C4F-A9C7-A92F3D7B28E9}.Release|Any CPU.Build.0 = Release|Any CPU
		{01F6D789-64AE-461C-B9E7-D2528E697F5F}.Debug|Any CPU.ActiveCfg = Debug|Any CPU
		{01F6D789-64AE-461C-B9E7-D2528E697F5F}.Debug|Any CPU.Build.0 = Debug|Any CPU
		{01F6D789-64AE-461C-B9E7-D2528E697F5F}.Release|Any CPU.ActiveCfg = Release|Any CPU
		{01F6D789-64AE-461C-B9E7-D2528E697F5F}.Release|Any CPU.Build.0 = Release|Any CPU
		{786F488F-173A-408E-95AB-D8A9CF4CE8F2}.Debug|Any CPU.ActiveCfg = Debug|Any CPU
		{786F488F-173A-408E-95AB-D8A9CF4CE8F2}.Debug|Any CPU.Build.0 = Debug|Any CPU
		{786F488F-173A-408E-95AB-D8A9CF4CE8F2}.Release|Any CPU.ActiveCfg = Release|Any CPU
		{786F488F-173A-408E-95AB-D8A9CF4CE8F2}.Release|Any CPU.Build.0 = Release|Any CPU
		{2A652222-AD78-4C75-8DD8-5AC8A82FF0FE}.Debug|Any CPU.ActiveCfg = Debug|Any CPU
		{2A652222-AD78-4C75-8DD8-5AC8A82FF0FE}.Debug|Any CPU.Build.0 = Debug|Any CPU
		{2A652222-AD78-4C75-8DD8-5AC8A82FF0FE}.Release|Any CPU.ActiveCfg = Release|Any CPU
		{2A652222-AD78-4C75-8DD8-5AC8A82FF0FE}.Release|Any CPU.Build.0 = Release|Any CPU
		{9380DEDA-A4E2-4982-95A8-EC88831D9107}.Debug|Any CPU.ActiveCfg = Debug|Any CPU
		{9380DEDA-A4E2-4982-95A8-EC88831D9107}.Debug|Any CPU.Build.0 = Debug|Any CPU
		{9380DEDA-A4E2-4982-95A8-EC88831D9107}.Release|Any CPU.ActiveCfg = Release|Any CPU
		{9380DEDA-A4E2-4982-95A8-EC88831D9107}.Release|Any CPU.Build.0 = Release|Any CPU
	EndGlobalSection
	GlobalSection(NestedProjects) = preSolution
		{74CD7081-38E9-4917-A56C-B1852F5A0442} = {E4C1B221-5B25-4955-84DB-7BBC1D4FD1F3}
		{71E13481-E29B-4F0E-B405-D60CC9C7308F} = {E4C1B221-5B25-4955-84DB-7BBC1D4FD1F3}
		{9437D992-3085-41D3-9B86-22E634BB1809} = {E4C1B221-5B25-4955-84DB-7BBC1D4FD1F3}
		{5804E8A8-8C25-4A4B-BF25-E0D0C1D51F0A} = {E4C1B221-5B25-4955-84DB-7BBC1D4FD1F3}
		{A06CE694-02FE-4F0A-886A-0CA17BEF1097} = {71E13481-E29B-4F0E-B405-D60CC9C7308F}
		{682217EC-CFD3-4BDB-8EB3-E2CFE9DD0C61} = {71E13481-E29B-4F0E-B405-D60CC9C7308F}
		{F9178494-B128-4C81-AB25-3586F43392C9} = {71E13481-E29B-4F0E-B405-D60CC9C7308F}
		{EA43DC09-18FF-4C4F-A9C7-A92F3D7B28E9} = {71E13481-E29B-4F0E-B405-D60CC9C7308F}
		{01F6D789-64AE-461C-B9E7-D2528E697F5F} = {5804E8A8-8C25-4A4B-BF25-E0D0C1D51F0A}
		{786F488F-173A-408E-95AB-D8A9CF4CE8F2} = {5804E8A8-8C25-4A4B-BF25-E0D0C1D51F0A}
		{2A652222-AD78-4C75-8DD8-5AC8A82FF0FE} = {9437D992-3085-41D3-9B86-22E634BB1809}
		{9380DEDA-A4E2-4982-95A8-EC88831D9107} = {CB1EF587-F608-475E-9255-342284377CAB}
	EndGlobalSection
EndGlobal
